
Microsoft Visual Studio Solution File, Format Version 12.00
# Visual Studio Version 17
VisualStudioVersion = 17.8.34330.188
MinimumVisualStudioVersion = 10.0.40219.1
Project("{FAE04EC0-301F-11D3-BF4B-00C04F79EFBC}") = "test", "test\test.csproj", "{C3FAF4D4-CD46-4935-A28C-A066E9C5E5E3}"
EndProject
Global
	GlobalSection(SolutionConfigurationPlatforms) = preSolution
		Debug|Any CPU = Debug|Any CPU
		Release|Any CPU = Release|Any CPU
	EndGlobalSection
	GlobalSection(ProjectConfigurationPlatforms) = postSolution
		{C3FAF4D4-CD46-4935-A28C-A066E9C5E5E3}.Debug|Any CPU.ActiveCfg = Debug|Any CPU
		{C3FAF4D4-CD46-4935-A28C-A066E9C5E5E3}.Debug|Any CPU.Build.0 = Debug|Any CPU
		{C3FAF4D4-CD46-4935-A28C-A066E9C5E5E3}.Debug|Any CPU.Deploy.0 = Debug|Any CPU
		{C3FAF4D4-CD46-4935-A28C-A066E9C5E5E3}.Release|Any CPU.ActiveCfg = Release|Any CPU
		{C3FAF4D4-CD46-4935-A28C-A066E9C5E5E3}.Release|Any CPU.Build.0 = Release|Any CPU
		{C3FAF4D4-CD46-4935-A28C-A066E9C5E5E3}.Release|Any CPU.Deploy.0 = Release|Any CPU
	EndGlobalSection
	GlobalSection(SolutionProperties) = preSolution
		HideSolutionNode = FALSE
	EndGlobalSection
	GlobalSection(ExtensibilityGlobals) = postSolution
		SolutionGuid = {CC3D63B2-C72A-4880-B79A-0651C139C724}
	EndGlobalSection
EndGlobal
